
Microsoft Visual Studio Solution File, Format Version 12.00
# Visual Studio Version 17
VisualStudioVersion = 17.4.33110.190
MinimumVisualStudioVersion = 10.0.40219.1
Project("{FAE04EC0-301F-11D3-BF4B-00C04F79EFBC}") = "Produkcja Pociagow", "Produkcja Pociagow\Produkcja Pociagow.csproj", "{628F9212-93A6-42F2-A02B-568432F01500}"
EndProject
Global
	GlobalSection(SolutionConfigurationPlatforms) = preSolution
		Debug|Any CPU = Debug|Any CPU
		Release|Any CPU = Release|Any CPU
	EndGlobalSection
	GlobalSection(ProjectConfigurationPlatforms) = postSolution
		{628F9212-93A6-42F2-A02B-568432F01500}.Debug|Any CPU.ActiveCfg = Debug|Any CPU
		{628F9212-93A6-42F2-A02B-568432F01500}.Debug|Any CPU.Build.0 = Debug|Any CPU
		{628F9212-93A6-42F2-A02B-568432F01500}.Release|Any CPU.ActiveCfg = Release|Any CPU
		{628F9212-93A6-42F2-A02B-568432F01500}.Release|Any CPU.Build.0 = Release|Any CPU
	EndGlobalSection
	GlobalSection(SolutionProperties) = preSolution
		HideSolutionNode = FALSE
	EndGlobalSection
	GlobalSection(ExtensibilityGlobals) = postSolution
		SolutionGuid = {21630023-5326-4D35-9EBC-AFF43C30E871}
	EndGlobalSection
EndGlobal
